
Microsoft Visual Studio Solution File, Format Version 12.00
# Visual Studio Version 17
VisualStudioVersion = 17.7.34003.232
MinimumVisualStudioVersion = 10.0.40219.1
Project("{FAE04EC0-301F-11D3-BF4B-00C04F79EFBC}") = "JobApplicationLibrary", "JobApplicationLibrary\JobApplicationLibrary.csproj", "{7671E802-A5A1-4CEB-8FA7-25E782977992}"
EndProject
Project("{FAE04EC0-301F-11D3-BF4B-00C04F79EFBC}") = "JobApplicationLibrary.UnitTest", "JobApplicationLibrary.UnitTest\JobApplicationLibrary.UnitTest.csproj", "{74A9E881-A647-4CDB-B99C-245063A8E995}"
EndProject
Global
	GlobalSection(SolutionConfigurationPlatforms) = preSolution
		Debug|Any CPU = Debug|Any CPU
		Release|Any CPU = Release|Any CPU
	EndGlobalSection
	GlobalSection(ProjectConfigurationPlatforms) = postSolution
		{7671E802-A5A1-4CEB-8FA7-25E782977992}.Debug|Any CPU.ActiveCfg = Debug|Any CPU
		{7671E802-A5A1-4CEB-8FA7-25E782977992}.Debug|Any CPU.Build.0 = Debug|Any CPU
		{7671E802-A5A1-4CEB-8FA7-25E782977992}.Release|Any CPU.ActiveCfg = Release|Any CPU
		{7671E802-A5A1-4CEB-8FA7-25E782977992}.Release|Any CPU.Build.0 = Release|Any CPU
		{74A9E881-A647-4CDB-B99C-245063A8E995}.Debug|Any CPU.ActiveCfg = Debug|Any CPU
		{74A9E881-A647-4CDB-B99C-245063A8E995}.Debug|Any CPU.Build.0 = Debug|Any CPU
		{74A9E881-A647-4CDB-B99C-245063A8E995}.Release|Any CPU.ActiveCfg = Release|Any CPU
		{74A9E881-A647-4CDB-B99C-245063A8E995}.Release|Any CPU.Build.0 = Release|Any CPU
	EndGlobalSection
	GlobalSection(SolutionProperties) = preSolution
		HideSolutionNode = FALSE
	EndGlobalSection
	GlobalSection(ExtensibilityGlobals) = postSolution
		SolutionGuid = {37670B45-3330-4546-A986-765C35A5DFA7}
	EndGlobalSection
EndGlobal
